
Microsoft Visual Studio Solution File, Format Version 12.00
# Visual Studio Version 17
VisualStudioVersion = 17.13.35825.156 d17.13
MinimumVisualStudioVersion = 10.0.40219.1
Project("{FAE04EC0-301F-11D3-BF4B-00C04F79EFBC}") = "RoutineApp", "RoutineApp.csproj", "{A2220F7A-68FD-4B1C-983C-D2A37637B38F}"
EndProject
Global
	GlobalSection(SolutionConfigurationPlatforms) = preSolution
		Debug|Any CPU = Debug|Any CPU
		Release|Any CPU = Release|Any CPU
	EndGlobalSection
	GlobalSection(ProjectConfigurationPlatforms) = postSolution
		{A2220F7A-68FD-4B1C-983C-D2A37637B38F}.Debug|Any CPU.ActiveCfg = Debug|Any CPU
		{A2220F7A-68FD-4B1C-983C-D2A37637B38F}.Debug|Any CPU.Build.0 = Debug|Any CPU
		{A2220F7A-68FD-4B1C-983C-D2A37637B38F}.Release|Any CPU.ActiveCfg = Release|Any CPU
		{A2220F7A-68FD-4B1C-983C-D2A37637B38F}.Release|Any CPU.Build.0 = Release|Any CPU
	EndGlobalSection
	GlobalSection(SolutionProperties) = preSolution
		HideSolutionNode = FALSE
	EndGlobalSection
	GlobalSection(ExtensibilityGlobals) = postSolution
		SolutionGuid = {95883EE3-9D81-4670-91DF-7E7B8B32EAA0}
	EndGlobalSection
EndGlobal
